
Microsoft Visual Studio Solution File, Format Version 12.00
# Visual Studio 15
VisualStudioVersion = 15.0.28307.489
MinimumVisualStudioVersion = 10.0.40219.1
Project("{FAE04EC0-301F-11D3-BF4B-00C04F79EFBC}") = "WebApplicationk", "WebApplicationk\WebApplicationk.csproj", "{89829A95-7DF2-414A-9B3C-B30711F3C80B}"
EndProject
Global
	GlobalSection(SolutionConfigurationPlatforms) = preSolution
		Debug|Any CPU = Debug|Any CPU
		Release|Any CPU = Release|Any CPU
	EndGlobalSection
	GlobalSection(ProjectConfigurationPlatforms) = postSolution
		{89829A95-7DF2-414A-9B3C-B30711F3C80B}.Debug|Any CPU.ActiveCfg = Debug|Any CPU
		{89829A95-7DF2-414A-9B3C-B30711F3C80B}.Debug|Any CPU.Build.0 = Debug|Any CPU
		{89829A95-7DF2-414A-9B3C-B30711F3C80B}.Release|Any CPU.ActiveCfg = Release|Any CPU
		{89829A95-7DF2-414A-9B3C-B30711F3C80B}.Release|Any CPU.Build.0 = Release|Any CPU
	EndGlobalSection
	GlobalSection(SolutionProperties) = preSolution
		HideSolutionNode = FALSE
	EndGlobalSection
	GlobalSection(ExtensibilityGlobals) = postSolution
		SolutionGuid = {B50FF8F3-D82B-44BC-98B8-2FD9FB45204F}
	EndGlobalSection
EndGlobal
